
Microsoft Visual Studio Solution File, Format Version 12.00
# Visual Studio Version 16
VisualStudioVersion = 16.0.30128.74
MinimumVisualStudioVersion = 10.0.40219.1
Project("{9A19103F-16F7-4668-BE54-9A1E7A4F7556}") = "PromotionApp", "PromotionApp\PromotionApp.csproj", "{587A97BA-A5DE-420F-901E-07AC5B614250}"
EndProject
Project("{FAE04EC0-301F-11D3-BF4B-00C04F79EFBC}") = "UnitTest", "UnitTest\UnitTest.csproj", "{2106B2FE-966F-4B6F-AF97-5F84F334D01C}"
EndProject
Global
	GlobalSection(SolutionConfigurationPlatforms) = preSolution
		Debug|Any CPU = Debug|Any CPU
		Release|Any CPU = Release|Any CPU
	EndGlobalSection
	GlobalSection(ProjectConfigurationPlatforms) = postSolution
		{587A97BA-A5DE-420F-901E-07AC5B614250}.Debug|Any CPU.ActiveCfg = Debug|Any CPU
		{587A97BA-A5DE-420F-901E-07AC5B614250}.Debug|Any CPU.Build.0 = Debug|Any CPU
		{587A97BA-A5DE-420F-901E-07AC5B614250}.Release|Any CPU.ActiveCfg = Release|Any CPU
		{587A97BA-A5DE-420F-901E-07AC5B614250}.Release|Any CPU.Build.0 = Release|Any CPU
		{2106B2FE-966F-4B6F-AF97-5F84F334D01C}.Debug|Any CPU.ActiveCfg = Debug|Any CPU
		{2106B2FE-966F-4B6F-AF97-5F84F334D01C}.Debug|Any CPU.Build.0 = Debug|Any CPU
		{2106B2FE-966F-4B6F-AF97-5F84F334D01C}.Release|Any CPU.ActiveCfg = Release|Any CPU
		{2106B2FE-966F-4B6F-AF97-5F84F334D01C}.Release|Any CPU.Build.0 = Release|Any CPU
	EndGlobalSection
	GlobalSection(SolutionProperties) = preSolution
		HideSolutionNode = FALSE
	EndGlobalSection
	GlobalSection(ExtensibilityGlobals) = postSolution
		SolutionGuid = {8B611AF3-63C5-474A-9968-5461F4FC4DAF}
	EndGlobalSection
EndGlobal
